// !$*UTF8*$!
{
	archiveVersion = 1;
	classes = {
	};
	objectVersion = 46;
	objects = {

/* Begin PBXBuildFile section */
		6D33FA261A1C5A8A00DED1E9 /* main.m in Sources */ = {isa = PBXBuildFile; fileRef = 6D33FA251A1C5A8A00DED1E9 /* main.m */; };
		6D33FA291A1C5A8A00DED1E9 /* AppDelegate.m in Sources */ = {isa = PBXBuildFile; fileRef = 6D33FA281A1C5A8A00DED1E9 /* AppDelegate.m */; };
		6D33FA311A1C5A8A00DED1E9 /* Images.xcassets in Resources */ = {isa = PBXBuildFile; fileRef = 6D33FA301A1C5A8A00DED1E9 /* Images.xcassets */; };
		6D33FA341A1C5A8A00DED1E9 /* LaunchScreen.xib in Resources */ = {isa = PBXBuildFile; fileRef = 6D33FA321A1C5A8A00DED1E9 /* LaunchScreen.xib */; };
		6D33FA401A1C5A8A00DED1E9 /* tabBarTutorialTests.m in Sources */ = {isa = PBXBuildFile; fileRef = 6D33FA3F1A1C5A8A00DED1E9 /* tabBarTutorialTests.m */; };
		6D33FA4B1A1C5B3A00DED1E9 /* FirstViewController.m in Sources */ = {isa = PBXBuildFile; fileRef = 6D33FA4A1A1C5B3A00DED1E9 /* FirstViewController.m */; };
		6D33FA4E1A1C5B4A00DED1E9 /* SecondViewController.m in Sources */ = {isa = PBXBuildFile; fileRef = 6D33FA4D1A1C5B4A00DED1E9 /* SecondViewController.m */; };
/* End PBXBuildFile section */

/* Begin PBXContainerItemProxy section */
		6D33FA3A1A1C5A8A00DED1E9 /* PBXContainerItemProxy */ = {
			isa = PBXContainerItemProxy;
			containerPortal = 6D33FA181A1C5A8A00DED1E9 /* Project object */;
			proxyType = 1;
			remoteGlobalIDString = 6D33FA1F1A1C5A8A00DED1E9;
			remoteInfo = tabBarTutorial;
		};
/* End PBXContainerItemProxy section */

/* Begin PBXFileReference section */
		6D33FA201A1C5A8A00DED1E9 /* tabBarTutorial.app */ = {isa = PBXFileReference; explicitFileType = wrapper.application; includeInIndex = 0; path = tabBarTutorial.app; sourceTree = BUILT_PRODUCTS_DIR; };
		6D33FA241A1C5A8A00DED1E9 /* Info.plist */ = {isa = PBXFileReference; lastKnownFileType = text.plist.xml; path = Info.plist; sourceTree = "<group>"; };
		6D33FA251A1C5A8A00DED1E9 /* main.m */ = {isa = PBXFileReference; lastKnownFileType = sourcecode.c.objc; path = main.m; sourceTree = "<group>"; };
		6D33FA271A1C5A8A00DED1E9 /* AppDelegate.h */ = {isa = PBXFileReference; lastKnownFileType = sourcecode.c.h; path = AppDelegate.h; sourceTree = "<group>"; };
		6D33FA281A1C5A8A00DED1E9 /* AppDelegate.m */ = {isa = PBXFileReference; lastKnownFileType = sourcecode.c.objc; path = AppDelegate.m; sourceTree = "<group>"; };
		6D33FA301A1C5A8A00DED1E9 /* Images.xcassets */ = {isa = PBXFileReference; lastKnownFileType = folder.assetcatalog; path = Images.xcassets; sourceTree = "<group>"; };
		6D33FA331A1C5A8A00DED1E9 /* Base */ = {isa = PBXFileReference; lastKnownFileType = file.xib; name = Base; path = Base.lproj/LaunchScreen.xib; sourceTree = "<group>"; };
		6D33FA391A1C5A8A00DED1E9 /* tabBarTutorialTests.xctest */ = {isa = PBXFileReference; explicitFileType = wrapper.cfbundle; includeInIndex = 0; path = tabBarTutorialTests.xctest; sourceTree = BUILT_PRODUCTS_DIR; };
		6D33FA3E1A1C5A8A00DED1E9 /* Info.plist */ = {isa = PBXFileReference; lastKnownFileType = text.plist.xml; path = Info.plist; sourceTree = "<group>"; };
		6D33FA3F1A1C5A8A00DED1E9 /* tabBarTutorialTests.m */ = {isa = PBXFileReference; lastKnownFileType = sourcecode.c.objc; path = tabBarTutorialTests.m; sourceTree = "<group>"; };
		6D33FA491A1C5B3A00DED1E9 /* FirstViewController.h */ = {isa = PBXFileReference; fileEncoding = 4; lastKnownFileType = sourcecode.c.h; path = FirstViewController.h; sourceTree = "<group>"; };
		6D33FA4A1A1C5B3A00DED1E9 /* FirstViewController.m */ = {isa = PBXFileReference; fileEncoding = 4; lastKnownFileType = sourcecode.c.objc; path = FirstViewController.m; sourceTree = "<group>"; };
		6D33FA4C1A1C5B4A00DED1E9 /* SecondViewController.h */ = {isa = PBXFileReference; fileEncoding = 4; lastKnownFileType = sourcecode.c.h; path = SecondViewController.h; sourceTree = "<group>"; };
		6D33FA4D1A1C5B4A00DED1E9 /* SecondViewController.m */ = {isa = PBXFileReference; fileEncoding = 4; lastKnownFileType = sourcecode.c.objc; path = SecondViewController.m; sourceTree = "<group>"; };
/* End PBXFileReference section */

/* Begin PBXFrameworksBuildPhase section */
		6D33FA1D1A1C5A8A00DED1E9 /* Frameworks */ = {
			isa = PBXFrameworksBuildPhase;
			buildActionMask = 2147483647;
			files = (
			);
			runOnlyForDeploymentPostprocessing = 0;
		};
		6D33FA361A1C5A8A00DED1E9 /* Frameworks */ = {
			isa = PBXFrameworksBuildPhase;
			buildActionMask = 2147483647;
			files = (
			);
			runOnlyForDeploymentPostprocessing = 0;
		};
/* End PBXFrameworksBuildPhase section */

/* Begin PBXGroup section */
		6D33FA171A1C5A8A00DED1E9 = {
			isa = PBXGroup;
			children = (
				6D33FA221A1C5A8A00DED1E9 /* tabBarTutorial */,
				6D33FA3C1A1C5A8A00DED1E9 /* tabBarTutorialTests */,
				6D33FA211A1C5A8A00DED1E9 /* Products */,
			);
			sourceTree = "<group>";
		};
		6D33FA211A1C5A8A00DED1E9 /* Products */ = {
			isa = PBXGroup;
			children = (
				6D33FA201A1C5A8A00DED1E9 /* tabBarTutorial.app */,
				6D33FA391A1C5A8A00DED1E9 /* tabBarTutorialTests.xctest */,
			);
			name = Products;
			sourceTree = "<group>";
		};
		6D33FA221A1C5A8A00DED1E9 /* tabBarTutorial */ = {
			isa = PBXGroup;
			children = (
				6D33FA271A1C5A8A00DED1E9 /* AppDelegate.h */,
				6D33FA281A1C5A8A00DED1E9 /* AppDelegate.m */,
				6D33FA491A1C5B3A00DED1E9 /* FirstViewController.h */,
				6D33FA4A1A1C5B3A00DED1E9 /* FirstViewController.m */,
				6D33FA4C1A1C5B4A00DED1E9 /* SecondViewController.h */,
				6D33FA4D1A1C5B4A00DED1E9 /* SecondViewController.m */,
				6D33FA301A1C5A8A00DED1E9 /* Images.xcassets */,
				6D33FA321A1C5A8A00DED1E9 /* LaunchScreen.xib */,
				6D33FA231A1C5A8A00DED1E9 /* Supporting Files */,
			);
			path = tabBarTutorial;
			sourceTree = "<group>";
		};
		6D33FA231A1C5A8A00DED1E9 /* Supporting Files */ = {
			isa = PBXGroup;
			children = (
				6D33FA241A1C5A8A00DED1E9 /* Info.plist */,
				6D33FA251A1C5A8A00DED1E9 /* main.m */,
			);
			name = "Supporting Files";
			sourceTree = "<group>";
		};
		6D33FA3C1A1C5A8A00DED1E9 /* tabBarTutorialTests */ = {
			isa = PBXGroup;
			children = (
				6D33FA3F1A1C5A8A00DED1E9 /* tabBarTutorialTests.m */,
				6D33FA3D1A1C5A8A00DED1E9 /* Supporting Files */,
			);
			path = tabBarTutorialTests;
			sourceTree = "<group>";
		};
		6D33FA3D1A1C5A8A00DED1E9 /* Supporting Files */ = {
			isa = PBXGroup;
			children = (
				6D33FA3E1A1C5A8A00DED1E9 /* Info.plist */,
			);
			name = "Supporting Files";
			sourceTree = "<group>";
		};
/* End PBXGroup section */

/* Begin PBXNativeTarget section */
		6D33FA1F1A1C5A8A00DED1E9 /* tabBarTutorial */ = {
			isa = PBXNativeTarget;
			buildConfigurationList = 6D33FA431A1C5A8A00DED1E9 /* Build configuration list for PBXNativeTarget "tabBarTutorial" */;
			buildPhases = (
				6D33FA1C1A1C5A8A00DED1E9 /* Sources */,
				6D33FA1D1A1C5A8A00DED1E9 /* Frameworks */,
				6D33FA1E1A1C5A8A00DED1E9 /* Resources */,
			);
			buildRules = (
			);
			dependencies = (
			);
			name = tabBarTutorial;
			productName = tabBarTutorial;
			productReference = 6D33FA201A1C5A8A00DED1E9 /* tabBarTutorial.app */;
			productType = "com.apple.product-type.application";
		};
		6D33FA381A1C5A8A00DED1E9 /* tabBarTutorialTests */ = {
			isa = PBXNativeTarget;
			buildConfigurationList = 6D33FA461A1C5A8A00DED1E9 /* Build configuration list for PBXNativeTarget "tabBarTutorialTests" */;
			buildPhases = (
				6D33FA351A1C5A8A00DED1E9 /* Sources */,
				6D33FA361A1C5A8A00DED1E9 /* Frameworks */,
				6D33FA371A1C5A8A00DED1E9 /* Resources */,
			);
			buildRules = (
			);
			dependencies = (
				6D33FA3B1A1C5A8A00DED1E9 /* PBXTargetDependency */,
			);
			name = tabBarTutorialTests;
			productName = tabBarTutorialTests;
			productReference = 6D33FA391A1C5A8A00DED1E9 /* tabBarTutorialTests.xctest */;
			productType = "com.apple.product-type.bundle.unit-test";
		};
/* End PBXNativeTarget section */

/* Begin PBXProject section */
		6D33FA181A1C5A8A00DED1E9 /* Project object */ = {
			isa = PBXProject;
			attributes = {
				LastUpgradeCheck = 0610;
				ORGANIZATIONNAME = "Gabe Morales";
				TargetAttributes = {
					6D33FA1F1A1C5A8A00DED1E9 = {
						CreatedOnToolsVersion = 6.1;
					};
					6D33FA381A1C5A8A00DED1E9 = {
						CreatedOnToolsVersion = 6.1;
						TestTargetID = 6D33FA1F1A1C5A8A00DED1E9;
					};
				};
			};
			buildConfigurationList = 6D33FA1B1A1C5A8A00DED1E9 /* Build configuration list for PBXProject "tabBarTutorial" */;
			compatibilityVersion = "Xcode 3.2";
			developmentRegion = English;
			hasScannedForEncodings = 0;
			knownRegions = (
				en,
				Base,
			);
			mainGroup = 6D33FA171A1C5A8A00DED1E9;
			productRefGroup = 6D33FA211A1C5A8A00DED1E9 /* Products */;
			projectDirPath = "";
			projectRoot = "";
			targets = (
				6D33FA1F1A1C5A8A00DED1E9 /* tabBarTutorial */,
				6D33FA381A1C5A8A00DED1E9 /* tabBarTutorialTests */,
			);
		};
/* End PBXProject section */

/* Begin PBXResourcesBuildPhase section */
		6D33FA1E1A1C5A8A00DED1E9 /* Resources */ = {
			isa = PBXResourcesBuildPhase;
			buildActionMask = 2147483647;
			files = (
				6D33FA341A1C5A8A00DED1E9 /* LaunchScreen.xib in Resources */,
				6D33FA311A1C5A8A00DED1E9 /* Images.xcassets in Resources */,
			);
			runOnlyForDeploymentPostprocessing = 0;
		};
		6D33FA371A1C5A8A00DED1E9 /* Resources */ = {
			isa = PBXResourcesBuildPhase;
			buildActionMask = 2147483647;
			files = (
			);
			runOnlyForDeploymentPostprocessing = 0;
		};
/* End PBXResourcesBuildPhase section */

/* Begin PBXSourcesBuildPhase section */
		6D33FA1C1A1C5A8A00DED1E9 /* Sources */ = {
			isa = PBXSourcesBuildPhase;
			buildActionMask = 2147483647;
			files = (
				6D33FA4E1A1C5B4A00DED1E9 /* SecondViewController.m in Sources */,
				6D33FA291A1C5A8A00DED1E9 /* AppDelegate.m in Sources */,
				6D33FA4B1A1C5B3A00DED1E9 /* FirstViewController.m in Sources */,
				6D33FA261A1C5A8A00DED1E9 /* main.m in Sources */,
			);
			runOnlyForDeploymentPostprocessing = 0;
		};
		6D33FA351A1C5A8A00DED1E9 /* Sources */ = {
			isa = PBXSourcesBuildPhase;
			buildActionMask = 2147483647;
			files = (
				6D33FA401A1C5A8A00DED1E9 /* tabBarTutorialTests.m in Sources */,
			);
			runOnlyForDeploymentPostprocessing = 0;
		};
/* End PBXSourcesBuildPhase section */

/* Begin PBXTargetDependency section */
		6D33FA3B1A1C5A8A00DED1E9 /* PBXTargetDependency */ = {
			isa = PBXTargetDependency;
			target = 6D33FA1F1A1C5A8A00DED1E9 /* tabBarTutorial */;
			targetProxy = 6D33FA3A1A1C5A8A00DED1E9 /* PBXContainerItemProxy */;
		};
/* End PBXTargetDependency section */

/* Begin PBXVariantGroup section */
		6D33FA321A1C5A8A00DED1E9 /* LaunchScreen.xib */ = {
			isa = PBXVariantGroup;
			children = (
				6D33FA331A1C5A8A00DED1E9 /* Base */,
			);
			name = LaunchScreen.xib;
			sourceTree = "<group>";
		};
/* End PBXVariantGroup section */

/* Begin XCBuildConfiguration section */
		6D33FA411A1C5A8A00DED1E9 /* Debug */ = {
			isa = XCBuildConfiguration;
			buildSettings = {
				ALWAYS_SEARCH_USER_PATHS = NO;
				CLANG_CXX_LANGUAGE_STANDARD = "gnu++0x";
				CLANG_CXX_LIBRARY = "libc++";
				CLANG_ENABLE_MODULES = YES;
				CLANG_ENABLE_OBJC_ARC = YES;
				CLANG_WARN_BOOL_CONVERSION = YES;
				CLANG_WARN_CONSTANT_CONVERSION = YES;
				CLANG_WARN_DIRECT_OBJC_ISA_USAGE = YES_ERROR;
				CLANG_WARN_EMPTY_BODY = YES;
				CLANG_WARN_ENUM_CONVERSION = YES;
				CLANG_WARN_INT_CONVERSION = YES;
				CLANG_WARN_OBJC_ROOT_CLASS = YES_ERROR;
				CLANG_WARN_UNREACHABLE_CODE = YES;
				CLANG_WARN__DUPLICATE_METHOD_MATCH = YES;
				"CODE_SIGN_IDENTITY[sdk=iphoneos*]" = "iPhone Developer";
				COPY_PHASE_STRIP = NO;
				ENABLE_STRICT_OBJC_MSGSEND = YES;
				GCC_C_LANGUAGE_STANDARD = gnu99;
				GCC_DYNAMIC_NO_PIC = NO;
				GCC_OPTIMIZATION_LEVEL = 0;
				GCC_PREPROCESSOR_DEFINITIONS = (
					"DEBUG=1",
					"$(inherited)",
				);
				GCC_SYMBOLS_PRIVATE_EXTERN = NO;
				GCC_WARN_64_TO_32_BIT_CONVERSION = YES;
				GCC_WARN_ABOUT_RETURN_TYPE = YES_ERROR;
				GCC_WARN_UNDECLARED_SELECTOR = YES;
				GCC_WARN_UNINITIALIZED_AUTOS = YES_AGGRESSIVE;
				GCC_WARN_UNUSED_FUNCTION = YES;
				GCC_WARN_UNUSED_VARIABLE = YES;
				IPHONEOS_DEPLOYMENT_TARGET = 8.1;
				MTL_ENABLE_DEBUG_INFO = YES;
				ONLY_ACTIVE_ARCH = YES;
				SDKROOT = iphoneos;
			};
			name = Debug;
		};
		6D33FA421A1C5A8A00DED1E9 /* Release */ = {
			isa = XCBuildConfiguration;
			buildSettings = {
				ALWAYS_SEARCH_USER_PATHS = NO;
				CLANG_CXX_LANGUAGE_STANDARD = "gnu++0x";
				CLANG_CXX_LIBRARY = "libc++";
				CLANG_ENABLE_MODULES = YES;
				CLANG_ENABLE_OBJC_ARC = YES;
				CLANG_WARN_BOOL_CONVERSION = YES;
				CLANG_WARN_CONSTANT_CONVERSION = YES;
				CLANG_WARN_DIRECT_OBJC_ISA_USAGE = YES_ERROR;
				CLANG_WARN_EMPTY_BODY = YES;
				CLANG_WARN_ENUM_CONVERSION = YES;
				CLANG_WARN_INT_CONVERSION = YES;
				CLANG_WARN_OBJC_ROOT_CLASS = YES_ERROR;
				CLANG_WARN_UNREACHABLE_CODE = YES;
				CLANG_WARN__DUPLICATE_METHOD_MATCH = YES;
				"CODE_SIGN_IDENTITY[sdk=iphoneos*]" = "iPhone Developer";
				COPY_PHASE_STRIP = YES;
				ENABLE_NS_ASSERTIONS = NO;
				ENABLE_STRICT_OBJC_MSGSEND = YES;
				GCC_C_LANGUAGE_STANDARD = gnu99;
				GCC_WARN_64_TO_32_BIT_CONVERSION = YES;
				GCC_WARN_ABOUT_RETURN_TYPE = YES_ERROR;
				GCC_WARN_UNDECLARED_SELECTOR = YES;
				GCC_WARN_UNINITIALIZED_AUTOS = YES_AGGRESSIVE;
				GCC_WARN_UNUSED_FUNCTION = YES;
				GCC_WARN_UNUSED_VARIABLE = YES;
				IPHONEOS_DEPLOYMENT_TARGET = 8.1;
				MTL_ENABLE_DEBUG_INFO = NO;
				SDKROOT = iphoneos;
				VALIDATE_PRODUCT = YES;
			};
			name = Release;
		};
		6D33FA441A1C5A8A00DED1E9 /* Debug */ = {
			isa = XCBuildConfiguration;
			buildSettings = {
				ASSETCATALOG_COMPILER_APPICON_NAME = AppIcon;
				INFOPLIST_FILE = tabBarTutorial/Info.plist;
				LD_RUNPATH_SEARCH_PATHS = "$(inherited) @executable_path/Frameworks";
				PRODUCT_NAME = "$(TARGET_NAME)";
			};
			name = Debug;
		};
		6D33FA451A1C5A8A00DED1E9 /* Release */ = {
			isa = XCBuildConfiguration;
			buildSettings = {
				ASSETCATALOG_COMPILER_APPICON_NAME = AppIcon;
				INFOPLIST_FILE = tabBarTutorial/Info.plist;
				LD_RUNPATH_SEARCH_PATHS = "$(inherited) @executable_path/Frameworks";
				PRODUCT_NAME = "$(TARGET_NAME)";
			};
			name = Release;
		};
		6D33FA471A1C5A8A00DED1E9 /* Debug */ = {
			isa = XCBuildConfiguration;
			buildSettings = {
				BUNDLE_LOADER = "$(TEST_HOST)";
				FRAMEWORK_SEARCH_PATHS = (
					"$(SDKROOT)/Developer/Library/Frameworks",
					"$(inherited)",
				);
				GCC_PREPROCESSOR_DEFINITIONS = (
					"DEBUG=1",
					"$(inherited)",
				);
				INFOPLIST_FILE = tabBarTutorialTests/Info.plist;
				LD_RUNPATH_SEARCH_PATHS = "$(inherited) @executable_path/Frameworks @loader_path/Frameworks";
				PRODUCT_NAME = "$(TARGET_NAME)";
				TEST_HOST = "$(BUILT_PRODUCTS_DIR)/tabBarTutorial.app/tabBarTutorial";
			};
			name = Debug;
		};
		6D33FA481A1C5A8A00DED1E9 /* Release */ = {
			isa = XCBuildConfiguration;
			buildSettings = {
				BUNDLE_LOADER = "$(TEST_HOST)";
				FRAMEWORK_SEARCH_PATHS = (
					"$(SDKROOT)/Developer/Library/Frameworks",
					"$(inherited)",
				);
				INFOPLIST_FILE = tabBarTutorialTests/Info.plist;
				LD_RUNPATH_SEARCH_PATHS = "$(inherited) @executable_path/Frameworks @loader_path/Frameworks";
				PRODUCT_NAME = "$(TARGET_NAME)";
				TEST_HOST = "$(BUILT_PRODUCTS_DIR)/tabBarTutorial.app/tabBarTutorial";
			};
			name = Release;
		};
/* End XCBuildConfiguration section */

/* Begin XCConfigurationList section */
		6D33FA1B1A1C5A8A00DED1E9 /* Build configuration list for PBXProject "tabBarTutorial" */ = {
			isa = XCConfigurationList;
			buildConfigurations = (
				6D33FA411A1C5A8A00DED1E9 /* Debug */,
				6D33FA421A1C5A8A00DED1E9 /* Release */,
			);
			defaultConfigurationIsVisible = 0;
			defaultConfigurationName = Release;
		};
		6D33FA431A1C5A8A00DED1E9 /* Build configuration list for PBXNativeTarget "tabBarTutorial" */ = {
			isa = XCConfigurationList;
			buildConfigurations = (
				6D33FA441A1C5A8A00DED1E9 /* Debug */,
				6D33FA451A1C5A8A00DED1E9 /* Release */,
			);
			defaultConfigurationIsVisible = 0;
		};
		6D33FA461A1C5A8A00DED1E9 /* Build configuration list for PBXNativeTarget "tabBarTutorialTests" */ = {
			isa = XCConfigurationList;
			buildConfigurations = (
				6D33FA471A1C5A8A00DED1E9 /* Debug */,
				6D33FA481A1C5A8A00DED1E9 /* Release */,
			);
			defaultConfigurationIsVisible = 0;
		};
/* End XCConfigurationList section */
	};
	rootObject = 6D33FA181A1C5A8A00DED1E9 /* Project object */;
}
